// !$*UTF8*$!
{
	archiveVersion = 1;
	classes = {
	};
	objectVersion = 48;
	objects = {

/* Begin PBXBuildFile section */
		064BEF34ABAFC875081E4A9A /* libPods-i9School Challenges.a in Frameworks */ = {isa = PBXBuildFile; fileRef = 46A489EAB490400123213F2A /* libPods-i9School Challenges.a */; };
		275BDC9D203B0F3200F8CBE7 /* AppDelegate.m in Sources */ = {isa = PBXBuildFile; fileRef = 275BDC9C203B0F3200F8CBE7 /* AppDelegate.m */; };
		275BDCA5203B0F3200F8CBE7 /* Assets.xcassets in Resources */ = {isa = PBXBuildFile; fileRef = 275BDCA4203B0F3200F8CBE7 /* Assets.xcassets */; };
		275BDCA8203B0F3200F8CBE7 /* LaunchScreen.storyboard in Resources */ = {isa = PBXBuildFile; fileRef = 275BDCA6203B0F3200F8CBE7 /* LaunchScreen.storyboard */; };
		275BDCAB203B0F3200F8CBE7 /* main.m in Sources */ = {isa = PBXBuildFile; fileRef = 275BDCAA203B0F3200F8CBE7 /* main.m */; };
		27D98735203B14B5005B21CB /* HomeViewController.m in Sources */ = {isa = PBXBuildFile; fileRef = 27D98734203B14B5005B21CB /* HomeViewController.m */; };
		27D98737203B14C4005B21CB /* Home.storyboard in Resources */ = {isa = PBXBuildFile; fileRef = 27D98736203B14C4005B21CB /* Home.storyboard */; };
		27D9873A203B17F3005B21CB /* itaufonts_master_24px_v1.ttf in Resources */ = {isa = PBXBuildFile; fileRef = 27D98739203B17F3005B21CB /* itaufonts_master_24px_v1.ttf */; };
		27D9873F203B181E005B21CB /* ItauText_A_Bd.ttf in Resources */ = {isa = PBXBuildFile; fileRef = 27D9873B203B181E005B21CB /* ItauText_A_Bd.ttf */; };
		27D98740203B181E005B21CB /* ItauText_A_Lt.ttf in Resources */ = {isa = PBXBuildFile; fileRef = 27D9873C203B181E005B21CB /* ItauText_A_Lt.ttf */; };
		27D98741203B181E005B21CB /* ItauText_A_Rg.ttf in Resources */ = {isa = PBXBuildFile; fileRef = 27D9873D203B181E005B21CB /* ItauText_A_Rg.ttf */; };
		27D98742203B181E005B21CB /* ItauText_A_XBd.ttf in Resources */ = {isa = PBXBuildFile; fileRef = 27D9873E203B181E005B21CB /* ItauText_A_XBd.ttf */; };
/* End PBXBuildFile section */

/* Begin PBXFileReference section */
		275BDC98203B0F3200F8CBE7 /* i9School Challenges.app */ = {isa = PBXFileReference; explicitFileType = wrapper.application; includeInIndex = 0; path = "i9School Challenges.app"; sourceTree = BUILT_PRODUCTS_DIR; };
		275BDC9B203B0F3200F8CBE7 /* AppDelegate.h */ = {isa = PBXFileReference; lastKnownFileType = sourcecode.c.h; path = AppDelegate.h; sourceTree = "<group>"; };
		275BDC9C203B0F3200F8CBE7 /* AppDelegate.m */ = {isa = PBXFileReference; lastKnownFileType = sourcecode.c.objc; path = AppDelegate.m; sourceTree = "<group>"; };
		275BDCA4203B0F3200F8CBE7 /* Assets.xcassets */ = {isa = PBXFileReference; lastKnownFileType = folder.assetcatalog; path = Assets.xcassets; sourceTree = "<group>"; };
		275BDCA7203B0F3200F8CBE7 /* Base */ = {isa = PBXFileReference; lastKnownFileType = file.storyboard; name = Base; path = Base.lproj/LaunchScreen.storyboard; sourceTree = "<group>"; };
		275BDCA9203B0F3200F8CBE7 /* Info.plist */ = {isa = PBXFileReference; lastKnownFileType = text.plist.xml; path = Info.plist; sourceTree = "<group>"; };
		275BDCAA203B0F3200F8CBE7 /* main.m */ = {isa = PBXFileReference; lastKnownFileType = sourcecode.c.objc; path = main.m; sourceTree = "<group>"; };
		27D98733203B14B5005B21CB /* HomeViewController.h */ = {isa = PBXFileReference; lastKnownFileType = sourcecode.c.h; path = HomeViewController.h; sourceTree = "<group>"; };
		27D98734203B14B5005B21CB /* HomeViewController.m */ = {isa = PBXFileReference; lastKnownFileType = sourcecode.c.objc; path = HomeViewController.m; sourceTree = "<group>"; };
		27D98736203B14C4005B21CB /* Home.storyboard */ = {isa = PBXFileReference; lastKnownFileType = file.storyboard; path = Home.storyboard; sourceTree = "<group>"; };
		27D98739203B17F3005B21CB /* itaufonts_master_24px_v1.ttf */ = {isa = PBXFileReference; lastKnownFileType = file; path = itaufonts_master_24px_v1.ttf; sourceTree = "<group>"; };
		27D9873B203B181E005B21CB /* ItauText_A_Bd.ttf */ = {isa = PBXFileReference; lastKnownFileType = file; path = ItauText_A_Bd.ttf; sourceTree = "<group>"; };
		27D9873C203B181E005B21CB /* ItauText_A_Lt.ttf */ = {isa = PBXFileReference; lastKnownFileType = file; path = ItauText_A_Lt.ttf; sourceTree = "<group>"; };
		27D9873D203B181E005B21CB /* ItauText_A_Rg.ttf */ = {isa = PBXFileReference; lastKnownFileType = file; path = ItauText_A_Rg.ttf; sourceTree = "<group>"; };
		27D9873E203B181E005B21CB /* ItauText_A_XBd.ttf */ = {isa = PBXFileReference; lastKnownFileType = file; path = ItauText_A_XBd.ttf; sourceTree = "<group>"; };
		46A489EAB490400123213F2A /* libPods-i9School Challenges.a */ = {isa = PBXFileReference; explicitFileType = archive.ar; includeInIndex = 0; path = "libPods-i9School Challenges.a"; sourceTree = BUILT_PRODUCTS_DIR; };
		5DA82EC56EA7A0E2FAD9B9D4 /* Pods-i9School Challenges.debug.xcconfig */ = {isa = PBXFileReference; includeInIndex = 1; lastKnownFileType = text.xcconfig; name = "Pods-i9School Challenges.debug.xcconfig"; path = "Pods/Target Support Files/Pods-i9School Challenges/Pods-i9School Challenges.debug.xcconfig"; sourceTree = "<group>"; };
		CC6A89CC7FD7AAF14B09AFA2 /* Pods-i9School Challenges.release.xcconfig */ = {isa = PBXFileReference; includeInIndex = 1; lastKnownFileType = text.xcconfig; name = "Pods-i9School Challenges.release.xcconfig"; path = "Pods/Target Support Files/Pods-i9School Challenges/Pods-i9School Challenges.release.xcconfig"; sourceTree = "<group>"; };
/* End PBXFileReference section */

/* Begin PBXFrameworksBuildPhase section */
		275BDC95203B0F3200F8CBE7 /* Frameworks */ = {
			isa = PBXFrameworksBuildPhase;
			buildActionMask = 2147483647;
			files = (
				064BEF34ABAFC875081E4A9A /* libPods-i9School Challenges.a in Frameworks */,
			);
			runOnlyForDeploymentPostprocessing = 0;
		};
/* End PBXFrameworksBuildPhase section */

/* Begin PBXGroup section */
		275BDC8F203B0F3200F8CBE7 = {
			isa = PBXGroup;
			children = (
				275BDC9A203B0F3200F8CBE7 /* i9School Challenges */,
				275BDC99203B0F3200F8CBE7 /* Products */,
				87AACA6BF92867D33EA2F6D8 /* Pods */,
				F2B004139EEF530360B37B22 /* Frameworks */,
			);
			sourceTree = "<group>";
		};
		275BDC99203B0F3200F8CBE7 /* Products */ = {
			isa = PBXGroup;
			children = (
				275BDC98203B0F3200F8CBE7 /* i9School Challenges.app */,
			);
			name = Products;
			sourceTree = "<group>";
		};
		275BDC9A203B0F3200F8CBE7 /* i9School Challenges */ = {
			isa = PBXGroup;
			children = (
				27D98732203B13B9005B21CB /* i9 Files */,
			);
			path = "i9School Challenges";
			sourceTree = "<group>";
		};
		27D98729203B12F4005B21CB /* Home */ = {
			isa = PBXGroup;
			children = (
				27D9872C203B133F005B21CB /* View */,
				27D9872B203B131A005B21CB /* Controller */,
			);
			path = Home;
			sourceTree = "<group>";
		};
		27D9872A203B1305005B21CB /* Challenge */ = {
			isa = PBXGroup;
			children = (
				27D9872F203B1350005B21CB /* Model */,
				27D9872E203B134C005B21CB /* View */,
				27D9872D203B1347005B21CB /* Controller */,
			);
			path = Challenge;
			sourceTree = "<group>";
		};
		27D9872B203B131A005B21CB /* Controller */ = {
			isa = PBXGroup;
			children = (
				27D98733203B14B5005B21CB /* HomeViewController.h */,
				27D98734203B14B5005B21CB /* HomeViewController.m */,
			);
			path = Controller;
			sourceTree = "<group>";
		};
		27D9872C203B133F005B21CB /* View */ = {
			isa = PBXGroup;
			children = (
				27D98736203B14C4005B21CB /* Home.storyboard */,
			);
			path = View;
			sourceTree = "<group>";
		};
		27D9872D203B1347005B21CB /* Controller */ = {
			isa = PBXGroup;
			children = (
			);
			path = Controller;
			sourceTree = "<group>";
		};
		27D9872E203B134C005B21CB /* View */ = {
			isa = PBXGroup;
			children = (
			);
			path = View;
			sourceTree = "<group>";
		};
		27D9872F203B1350005B21CB /* Model */ = {
			isa = PBXGroup;
			children = (
			);
			path = Model;
			sourceTree = "<group>";
		};
		27D98730203B1380005B21CB /* Resources */ = {
			isa = PBXGroup;
			children = (
				27D98738203B17B6005B21CB /* fonts */,
				275BDCA4203B0F3200F8CBE7 /* Assets.xcassets */,
			);
			path = Resources;
			sourceTree = "<group>";
		};
		27D98731203B13AE005B21CB /* Supporting Files */ = {
			isa = PBXGroup;
			children = (
				275BDCA6203B0F3200F8CBE7 /* LaunchScreen.storyboard */,
				275BDCA9203B0F3200F8CBE7 /* Info.plist */,
				275BDCAA203B0F3200F8CBE7 /* main.m */,
			);
			path = "Supporting Files";
			sourceTree = "<group>";
		};
		27D98732203B13B9005B21CB /* i9 Files */ = {
			isa = PBXGroup;
			children = (
				275BDC9B203B0F3200F8CBE7 /* AppDelegate.h */,
				275BDC9C203B0F3200F8CBE7 /* AppDelegate.m */,
				27D98729203B12F4005B21CB /* Home */,
				27D9872A203B1305005B21CB /* Challenge */,
				27D98730203B1380005B21CB /* Resources */,
				27D98731203B13AE005B21CB /* Supporting Files */,
			);
			path = "i9 Files";
			sourceTree = "<group>";
		};
		27D98738203B17B6005B21CB /* fonts */ = {
			isa = PBXGroup;
			children = (
				27D9873B203B181E005B21CB /* ItauText_A_Bd.ttf */,
				27D9873C203B181E005B21CB /* ItauText_A_Lt.ttf */,
				27D9873D203B181E005B21CB /* ItauText_A_Rg.ttf */,
				27D9873E203B181E005B21CB /* ItauText_A_XBd.ttf */,
				27D98739203B17F3005B21CB /* itaufonts_master_24px_v1.ttf */,
			);
			path = fonts;
			sourceTree = "<group>";
		};
		87AACA6BF92867D33EA2F6D8 /* Pods */ = {
			isa = PBXGroup;
			children = (
				5DA82EC56EA7A0E2FAD9B9D4 /* Pods-i9School Challenges.debug.xcconfig */,
				CC6A89CC7FD7AAF14B09AFA2 /* Pods-i9School Challenges.release.xcconfig */,
			);
			name = Pods;
			sourceTree = "<group>";
		};
		F2B004139EEF530360B37B22 /* Frameworks */ = {
			isa = PBXGroup;
			children = (
				46A489EAB490400123213F2A /* libPods-i9School Challenges.a */,
			);
			name = Frameworks;
			sourceTree = "<group>";
		};
/* End PBXGroup section */

/* Begin PBXNativeTarget section */
		275BDC97203B0F3200F8CBE7 /* i9School Challenges */ = {
			isa = PBXNativeTarget;
			buildConfigurationList = 275BDCAE203B0F3200F8CBE7 /* Build configuration list for PBXNativeTarget "i9School Challenges" */;
			buildPhases = (
				9487CA7E3E3193C3C1D7A926 /* [CP] Check Pods Manifest.lock */,
				275BDC94203B0F3200F8CBE7 /* Sources */,
				275BDC95203B0F3200F8CBE7 /* Frameworks */,
				275BDC96203B0F3200F8CBE7 /* Resources */,
				F288F5A7F8B0169EB3B49C30 /* [CP] Embed Pods Frameworks */,
				3EAFCFE32FF9A5E6993915BC /* [CP] Copy Pods Resources */,
			);
			buildRules = (
			);
			dependencies = (
			);
			name = "i9School Challenges";
			productName = "i9School Challenges";
			productReference = 275BDC98203B0F3200F8CBE7 /* i9School Challenges.app */;
			productType = "com.apple.product-type.application";
		};
/* End PBXNativeTarget section */

/* Begin PBXProject section */
		275BDC90203B0F3200F8CBE7 /* Project object */ = {
			isa = PBXProject;
			attributes = {
				LastUpgradeCheck = 0920;
				ORGANIZATIONNAME = "Rudney Camargo Pereira";
				TargetAttributes = {
					275BDC97203B0F3200F8CBE7 = {
						CreatedOnToolsVersion = 9.2;
						ProvisioningStyle = Automatic;
					};
				};
			};
			buildConfigurationList = 275BDC93203B0F3200F8CBE7 /* Build configuration list for PBXProject "i9School Challenges" */;
			compatibilityVersion = "Xcode 8.0";
			developmentRegion = en;
			hasScannedForEncodings = 0;
			knownRegions = (
				en,
				Base,
			);
			mainGroup = 275BDC8F203B0F3200F8CBE7;
			productRefGroup = 275BDC99203B0F3200F8CBE7 /* Products */;
			projectDirPath = "";
			projectRoot = "";
			targets = (
				275BDC97203B0F3200F8CBE7 /* i9School Challenges */,
			);
		};
/* End PBXProject section */

/* Begin PBXResourcesBuildPhase section */
		275BDC96203B0F3200F8CBE7 /* Resources */ = {
			isa = PBXResourcesBuildPhase;
			buildActionMask = 2147483647;
			files = (
				27D98740203B181E005B21CB /* ItauText_A_Lt.ttf in Resources */,
				27D98737203B14C4005B21CB /* Home.storyboard in Resources */,
				275BDCA8203B0F3200F8CBE7 /* LaunchScreen.storyboard in Resources */,
				27D98742203B181E005B21CB /* ItauText_A_XBd.ttf in Resources */,
				27D98741203B181E005B21CB /* ItauText_A_Rg.ttf in Resources */,
				27D9873F203B181E005B21CB /* ItauText_A_Bd.ttf in Resources */,
				275BDCA5203B0F3200F8CBE7 /* Assets.xcassets in Resources */,
				27D9873A203B17F3005B21CB /* itaufonts_master_24px_v1.ttf in Resources */,
			);
			runOnlyForDeploymentPostprocessing = 0;
		};
/* End PBXResourcesBuildPhase section */

/* Begin PBXShellScriptBuildPhase section */
		3EAFCFE32FF9A5E6993915BC /* [CP] Copy Pods Resources */ = {
			isa = PBXShellScriptBuildPhase;
			buildActionMask = 2147483647;
			files = (
			);
			inputPaths = (
			);
			name = "[CP] Copy Pods Resources";
			outputPaths = (
			);
			runOnlyForDeploymentPostprocessing = 0;
			shellPath = /bin/sh;
			shellScript = "\"${SRCROOT}/Pods/Target Support Files/Pods-i9School Challenges/Pods-i9School Challenges-resources.sh\"\n";
			showEnvVarsInLog = 0;
		};
		9487CA7E3E3193C3C1D7A926 /* [CP] Check Pods Manifest.lock */ = {
			isa = PBXShellScriptBuildPhase;
			buildActionMask = 2147483647;
			files = (
			);
			inputPaths = (
			);
			name = "[CP] Check Pods Manifest.lock";
			outputPaths = (
			);
			runOnlyForDeploymentPostprocessing = 0;
			shellPath = /bin/sh;
			shellScript = "diff \"${PODS_PODFILE_DIR_PATH}/Podfile.lock\" \"${PODS_ROOT}/Manifest.lock\" > /dev/null\nif [ $? != 0 ] ; then\n    # print error to STDERR\n    echo \"error: The sandbox is not in sync with the Podfile.lock. Run 'pod install' or update your CocoaPods installation.\" >&2\n    exit 1\nfi\n";
			showEnvVarsInLog = 0;
		};
		F288F5A7F8B0169EB3B49C30 /* [CP] Embed Pods Frameworks */ = {
			isa = PBXShellScriptBuildPhase;
			buildActionMask = 2147483647;
			files = (
			);
			inputPaths = (
			);
			name = "[CP] Embed Pods Frameworks";
			outputPaths = (
			);
			runOnlyForDeploymentPostprocessing = 0;
			shellPath = /bin/sh;
			shellScript = "\"${SRCROOT}/Pods/Target Support Files/Pods-i9School Challenges/Pods-i9School Challenges-frameworks.sh\"\n";
			showEnvVarsInLog = 0;
		};
/* End PBXShellScriptBuildPhase section */

/* Begin PBXSourcesBuildPhase section */
		275BDC94203B0F3200F8CBE7 /* Sources */ = {
			isa = PBXSourcesBuildPhase;
			buildActionMask = 2147483647;
			files = (
				275BDCAB203B0F3200F8CBE7 /* main.m in Sources */,
				275BDC9D203B0F3200F8CBE7 /* AppDelegate.m in Sources */,
				27D98735203B14B5005B21CB /* HomeViewController.m in Sources */,
			);
			runOnlyForDeploymentPostprocessing = 0;
		};
/* End PBXSourcesBuildPhase section */

/* Begin PBXVariantGroup section */
		275BDCA6203B0F3200F8CBE7 /* LaunchScreen.storyboard */ = {
			isa = PBXVariantGroup;
			children = (
				275BDCA7203B0F3200F8CBE7 /* Base */,
			);
			name = LaunchScreen.storyboard;
			sourceTree = "<group>";
		};
/* End PBXVariantGroup section */

/* Begin XCBuildConfiguration section */
		275BDCAC203B0F3200F8CBE7 /* Debug */ = {
			isa = XCBuildConfiguration;
			buildSettings = {
				ALWAYS_SEARCH_USER_PATHS = NO;
				CLANG_ANALYZER_NONNULL = YES;
				CLANG_ANALYZER_NUMBER_OBJECT_CONVERSION = YES_AGGRESSIVE;
				CLANG_CXX_LANGUAGE_STANDARD = "gnu++14";
				CLANG_CXX_LIBRARY = "libc++";
				CLANG_ENABLE_MODULES = YES;
				CLANG_ENABLE_OBJC_ARC = YES;
				CLANG_WARN_BLOCK_CAPTURE_AUTORELEASING = YES;
				CLANG_WARN_BOOL_CONVERSION = YES;
				CLANG_WARN_COMMA = YES;
				CLANG_WARN_CONSTANT_CONVERSION = YES;
				CLANG_WARN_DIRECT_OBJC_ISA_USAGE = YES_ERROR;
				CLANG_WARN_DOCUMENTATION_COMMENTS = YES;
				CLANG_WARN_EMPTY_BODY = YES;
				CLANG_WARN_ENUM_CONVERSION = YES;
				CLANG_WARN_INFINITE_RECURSION = YES;
				CLANG_WARN_INT_CONVERSION = YES;
				CLANG_WARN_NON_LITERAL_NULL_CONVERSION = YES;
				CLANG_WARN_OBJC_LITERAL_CONVERSION = YES;
				CLANG_WARN_OBJC_ROOT_CLASS = YES_ERROR;
				CLANG_WARN_RANGE_LOOP_ANALYSIS = YES;
				CLANG_WARN_STRICT_PROTOTYPES = YES;
				CLANG_WARN_SUSPICIOUS_MOVE = YES;
				CLANG_WARN_UNGUARDED_AVAILABILITY = YES_AGGRESSIVE;
				CLANG_WARN_UNREACHABLE_CODE = YES;
				CLANG_WARN__DUPLICATE_METHOD_MATCH = YES;
				CODE_SIGN_IDENTITY = "iPhone Developer";
				COPY_PHASE_STRIP = NO;
				DEBUG_INFORMATION_FORMAT = dwarf;
				ENABLE_STRICT_OBJC_MSGSEND = YES;
				ENABLE_TESTABILITY = YES;
				GCC_C_LANGUAGE_STANDARD = gnu11;
				GCC_DYNAMIC_NO_PIC = NO;
				GCC_NO_COMMON_BLOCKS = YES;
				GCC_OPTIMIZATION_LEVEL = 0;
				GCC_PREPROCESSOR_DEFINITIONS = (
					"DEBUG=1",
					"$(inherited)",
				);
				GCC_WARN_64_TO_32_BIT_CONVERSION = YES;
				GCC_WARN_ABOUT_RETURN_TYPE = YES_ERROR;
				GCC_WARN_UNDECLARED_SELECTOR = YES;
				GCC_WARN_UNINITIALIZED_AUTOS = YES_AGGRESSIVE;
				GCC_WARN_UNUSED_FUNCTION = YES;
				GCC_WARN_UNUSED_VARIABLE = YES;
				IPHONEOS_DEPLOYMENT_TARGET = 11.2;
				MTL_ENABLE_DEBUG_INFO = YES;
				ONLY_ACTIVE_ARCH = YES;
				SDKROOT = iphoneos;
			};
			name = Debug;
		};
		275BDCAD203B0F3200F8CBE7 /* Release */ = {
			isa = XCBuildConfiguration;
			buildSettings = {
				ALWAYS_SEARCH_USER_PATHS = NO;
				CLANG_ANALYZER_NONNULL = YES;
				CLANG_ANALYZER_NUMBER_OBJECT_CONVERSION = YES_AGGRESSIVE;
				CLANG_CXX_LANGUAGE_STANDARD = "gnu++14";
				CLANG_CXX_LIBRARY = "libc++";
				CLANG_ENABLE_MODULES = YES;
				CLANG_ENABLE_OBJC_ARC = YES;
				CLANG_WARN_BLOCK_CAPTURE_AUTORELEASING = YES;
				CLANG_WARN_BOOL_CONVERSION = YES;
				CLANG_WARN_COMMA = YES;
				CLANG_WARN_CONSTANT_CONVERSION = YES;
				CLANG_WARN_DIRECT_OBJC_ISA_USAGE = YES_ERROR;
				CLANG_WARN_DOCUMENTATION_COMMENTS = YES;
				CLANG_WARN_EMPTY_BODY = YES;
				CLANG_WARN_ENUM_CONVERSION = YES;
				CLANG_WARN_INFINITE_RECURSION = YES;
				CLANG_WARN_INT_CONVERSION = YES;
				CLANG_WARN_NON_LITERAL_NULL_CONVERSION = YES;
				CLANG_WARN_OBJC_LITERAL_CONVERSION = YES;
				CLANG_WARN_OBJC_ROOT_CLASS = YES_ERROR;
				CLANG_WARN_RANGE_LOOP_ANALYSIS = YES;
				CLANG_WARN_STRICT_PROTOTYPES = YES;
				CLANG_WARN_SUSPICIOUS_MOVE = YES;
				CLANG_WARN_UNGUARDED_AVAILABILITY = YES_AGGRESSIVE;
				CLANG_WARN_UNREACHABLE_CODE = YES;
				CLANG_WARN__DUPLICATE_METHOD_MATCH = YES;
				CODE_SIGN_IDENTITY = "iPhone Developer";
				COPY_PHASE_STRIP = NO;
				DEBUG_INFORMATION_FORMAT = "dwarf-with-dsym";
				ENABLE_NS_ASSERTIONS = NO;
				ENABLE_STRICT_OBJC_MSGSEND = YES;
				GCC_C_LANGUAGE_STANDARD = gnu11;
				GCC_NO_COMMON_BLOCKS = YES;
				GCC_WARN_64_TO_32_BIT_CONVERSION = YES;
				GCC_WARN_ABOUT_RETURN_TYPE = YES_ERROR;
				GCC_WARN_UNDECLARED_SELECTOR = YES;
				GCC_WARN_UNINITIALIZED_AUTOS = YES_AGGRESSIVE;
				GCC_WARN_UNUSED_FUNCTION = YES;
				GCC_WARN_UNUSED_VARIABLE = YES;
				IPHONEOS_DEPLOYMENT_TARGET = 11.2;
				MTL_ENABLE_DEBUG_INFO = NO;
				SDKROOT = iphoneos;
				VALIDATE_PRODUCT = YES;
			};
			name = Release;
		};
		275BDCAF203B0F3200F8CBE7 /* Debug */ = {
			isa = XCBuildConfiguration;
			baseConfigurationReference = 5DA82EC56EA7A0E2FAD9B9D4 /* Pods-i9School Challenges.debug.xcconfig */;
			buildSettings = {
				ASSETCATALOG_COMPILER_APPICON_NAME = AppIcon;
				CODE_SIGN_STYLE = Automatic;
				DEVELOPMENT_TEAM = JKJPH7EME2;
				INFOPLIST_FILE = "i9School Challenges/i9 FIles/Supporting Files/Info.plist";
				LD_RUNPATH_SEARCH_PATHS = "$(inherited) @executable_path/Frameworks";
				PRODUCT_BUNDLE_IDENTIFIER = "com.rudneycamargo.br.i9School-Challenges";
				PRODUCT_NAME = "$(TARGET_NAME)";
				TARGETED_DEVICE_FAMILY = 2;
			};
			name = Debug;
		};
		275BDCB0203B0F3200F8CBE7 /* Release */ = {
			isa = XCBuildConfiguration;
			baseConfigurationReference = CC6A89CC7FD7AAF14B09AFA2 /* Pods-i9School Challenges.release.xcconfig */;
			buildSettings = {
				ASSETCATALOG_COMPILER_APPICON_NAME = AppIcon;
				CODE_SIGN_STYLE = Automatic;
				DEVELOPMENT_TEAM = JKJPH7EME2;
				INFOPLIST_FILE = "i9School Challenges/i9 FIles/Supporting Files/Info.plist";
				LD_RUNPATH_SEARCH_PATHS = "$(inherited) @executable_path/Frameworks";
				PRODUCT_BUNDLE_IDENTIFIER = "com.rudneycamargo.br.i9School-Challenges";
				PRODUCT_NAME = "$(TARGET_NAME)";
				TARGETED_DEVICE_FAMILY = 2;
			};
			name = Release;
		};
/* End XCBuildConfiguration section */

/* Begin XCConfigurationList section */
		275BDC93203B0F3200F8CBE7 /* Build configuration list for PBXProject "i9School Challenges" */ = {
			isa = XCConfigurationList;
			buildConfigurations = (
				275BDCAC203B0F3200F8CBE7 /* Debug */,
				275BDCAD203B0F3200F8CBE7 /* Release */,
			);
			defaultConfigurationIsVisible = 0;
			defaultConfigurationName = Release;
		};
		275BDCAE203B0F3200F8CBE7 /* Build configuration list for PBXNativeTarget "i9School Challenges" */ = {
			isa = XCConfigurationList;
			buildConfigurations = (
				275BDCAF203B0F3200F8CBE7 /* Debug */,
				275BDCB0203B0F3200F8CBE7 /* Release */,
			);
			defaultConfigurationIsVisible = 0;
			defaultConfigurationName = Release;
		};
/* End XCConfigurationList section */
	};
	rootObject = 275BDC90203B0F3200F8CBE7 /* Project object */;
}
